
Microsoft Visual Studio Solution File, Format Version 12.00
# Visual Studio 15
VisualStudioVersion = 15.0.27703.2047
MinimumVisualStudioVersion = 10.0.40219.1
Project("{FAE04EC0-301F-11D3-BF4B-00C04F79EFBC}") = "SmallCorp.Test", "SmallCorp.Test\SmallCorp.Test.csproj", "{0E5291D6-B06A-4E9B-BA75-40F9D4F9132F}"
EndProject
Project("{FAE04EC0-301F-11D3-BF4B-00C04F79EFBC}") = "SmallCorp.Entities", "SmallCorp.Entities\SmallCorp.Entities.csproj", "{365058D1-EFFA-438F-9FD9-8EA2EFD8EC68}"
EndProject
Project("{FAE04EC0-301F-11D3-BF4B-00C04F79EFBC}") = "SmallCorp.DataAccess", "SmallCorp.DataAccessBase\SmallCorp.DataAccess.csproj", "{F3ADCC24-E4D7-401D-887E-E40FE5A0941C}"
EndProject
Global
	GlobalSection(SolutionConfigurationPlatforms) = preSolution
		Debug|Any CPU = Debug|Any CPU
		Release|Any CPU = Release|Any CPU
	EndGlobalSection
	GlobalSection(ProjectConfigurationPlatforms) = postSolution
		{0E5291D6-B06A-4E9B-BA75-40F9D4F9132F}.Debug|Any CPU.ActiveCfg = Debug|Any CPU
		{0E5291D6-B06A-4E9B-BA75-40F9D4F9132F}.Debug|Any CPU.Build.0 = Debug|Any CPU
		{0E5291D6-B06A-4E9B-BA75-40F9D4F9132F}.Release|Any CPU.ActiveCfg = Release|Any CPU
		{0E5291D6-B06A-4E9B-BA75-40F9D4F9132F}.Release|Any CPU.Build.0 = Release|Any CPU
		{365058D1-EFFA-438F-9FD9-8EA2EFD8EC68}.Debug|Any CPU.ActiveCfg = Debug|Any CPU
		{365058D1-EFFA-438F-9FD9-8EA2EFD8EC68}.Debug|Any CPU.Build.0 = Debug|Any CPU
		{365058D1-EFFA-438F-9FD9-8EA2EFD8EC68}.Release|Any CPU.ActiveCfg = Release|Any CPU
		{365058D1-EFFA-438F-9FD9-8EA2EFD8EC68}.Release|Any CPU.Build.0 = Release|Any CPU
		{F3ADCC24-E4D7-401D-887E-E40FE5A0941C}.Debug|Any CPU.ActiveCfg = Debug|Any CPU
		{F3ADCC24-E4D7-401D-887E-E40FE5A0941C}.Debug|Any CPU.Build.0 = Debug|Any CPU
		{F3ADCC24-E4D7-401D-887E-E40FE5A0941C}.Release|Any CPU.ActiveCfg = Release|Any CPU
		{F3ADCC24-E4D7-401D-887E-E40FE5A0941C}.Release|Any CPU.Build.0 = Release|Any CPU
	EndGlobalSection
	GlobalSection(SolutionProperties) = preSolution
		HideSolutionNode = FALSE
	EndGlobalSection
	GlobalSection(ExtensibilityGlobals) = postSolution
		SolutionGuid = {00FDEA0E-0883-447B-B4C0-0E546AD7A348}
	EndGlobalSection
EndGlobal
